
Microsoft Visual Studio Solution File, Format Version 12.00
# Visual Studio Version 16
VisualStudioVersion = 16.0.29728.190
MinimumVisualStudioVersion = 10.0.40219.1
Project("{FAE04EC0-301F-11D3-BF4B-00C04F79EFBC}") = "IN.CodingConventions", "IN.CodingConventions.csproj", "{18C783CB-30AE-4E7B-8B7E-65585E943FCC}"
EndProject
Global
	GlobalSection(SolutionConfigurationPlatforms) = preSolution
		Debug|Any CPU = Debug|Any CPU
		Release|Any CPU = Release|Any CPU
	EndGlobalSection
	GlobalSection(ProjectConfigurationPlatforms) = postSolution
		{18C783CB-30AE-4E7B-8B7E-65585E943FCC}.Debug|Any CPU.ActiveCfg = Debug|Any CPU
		{18C783CB-30AE-4E7B-8B7E-65585E943FCC}.Debug|Any CPU.Build.0 = Debug|Any CPU
		{18C783CB-30AE-4E7B-8B7E-65585E943FCC}.Release|Any CPU.ActiveCfg = Release|Any CPU
		{18C783CB-30AE-4E7B-8B7E-65585E943FCC}.Release|Any CPU.Build.0 = Release|Any CPU
	EndGlobalSection
	GlobalSection(SolutionProperties) = preSolution
		HideSolutionNode = FALSE
	EndGlobalSection
	GlobalSection(ExtensibilityGlobals) = postSolution
		SolutionGuid = {656EC1D2-89EE-43A1-9D9A-B25B4A9D9492}
	EndGlobalSection
EndGlobal
